
Microsoft Visual Studio Solution File, Format Version 12.00
# Visual Studio Version 17
VisualStudioVersion = 17.0.31912.275
MinimumVisualStudioVersion = 10.0.40219.1
Project("{FAE04EC0-301F-11D3-BF4B-00C04F79EFBC}") = "DiogoTurismo", "DiogoTurismo.csproj", "{86A04F1F-2D39-48AE-AB42-2213C96BB0C5}"
EndProject
Global
	GlobalSection(SolutionConfigurationPlatforms) = preSolution
		Debug|Any CPU = Debug|Any CPU
		Release|Any CPU = Release|Any CPU
	EndGlobalSection
	GlobalSection(ProjectConfigurationPlatforms) = postSolution
		{86A04F1F-2D39-48AE-AB42-2213C96BB0C5}.Debug|Any CPU.ActiveCfg = Debug|Any CPU
		{86A04F1F-2D39-48AE-AB42-2213C96BB0C5}.Debug|Any CPU.Build.0 = Debug|Any CPU
		{86A04F1F-2D39-48AE-AB42-2213C96BB0C5}.Release|Any CPU.ActiveCfg = Release|Any CPU
		{86A04F1F-2D39-48AE-AB42-2213C96BB0C5}.Release|Any CPU.Build.0 = Release|Any CPU
	EndGlobalSection
	GlobalSection(SolutionProperties) = preSolution
		HideSolutionNode = FALSE
	EndGlobalSection
	GlobalSection(ExtensibilityGlobals) = postSolution
		SolutionGuid = {2DB65717-9E32-42A5-B8E6-FA3DF0C5B142}
	EndGlobalSection
EndGlobal
